<?xml version="1.0" encoding="utf-8"?>
<Project ToolsVersion="4.0" xmlns="http://schemas.microsoft.com/developer/msbuild/2003">
  <ItemGroup>
    <Filter Include="Source Files">
      <UniqueIdentifier>{4FC737F1-C7A5-4376-A066-2A32D752A2FF}</UniqueIdentifier>
      <Extensions>cpp;c;cc;cxx;def;odl;idl;hpj;bat;asm;asmx</Extensions>
    </Filter>
    <Filter Include="Header Files">
      <UniqueIdentifier>{93995380-89BD-4b04-88EB-625FBE52EBFB}</UniqueIdentifier>
      <Extensions>h;hpp;hxx;hm;inl;inc;xsd</Extensions>
    </Filter>
    <Filter Include="Resource Files">
      <UniqueIdentifier>{67DA6AB6-F800-4c08-8B7A-83BB121AAD01}</UniqueIdentifier>
      <Extensions>rc;ico;cur;bmp;dlg;rc2;rct;bin;rgs;gif;jpg;jpeg;jpe;resx;tiff;tif;png;wav;mfcribbon-ms</Extensions>
    </Filter>
    <Filter Include="Source Files\Date">
      <UniqueIdentifier>{fa8ace38-d822-45f2-a752-28177e8d9b11}</UniqueIdentifier>
    </Filter>
    <Filter Include="Source Files\Util">
      <UniqueIdentifier>{134fad7a-7d25-4b83-8416-8a30e44a7030}</UniqueIdentifier>
    </Filter>
  </ItemGroup>
  <ItemGroup>
    <Text Include="ReadMe.txt" />
  </ItemGroup>
  <ItemGroup>
    <ClInclude Include="stdafx.h">
      <Filter>Header Files</Filter>
    </ClInclude>
    <ClInclude Include="targetver.h">
      <Filter>Header Files</Filter>
    </ClInclude>
    <ClInclude Include="CurrentCoupon.pb.h">
      <Filter>Header Files</Filter>
    </ClInclude>
    <ClInclude Include="src\Util\Exception.h">
      <Filter>Source Files\Util</Filter>
    </ClInclude>
    <ClInclude Include="src\Util\SimpleUtils.h">
      <Filter>Source Files\Util</Filter>
    </ClInclude>
    <ClInclude Include="src\Date\Date.h">
      <Filter>Source Files\Date</Filter>
    </ClInclude>
    <ClInclude Include="src\Date\DateConvention.h">
      <Filter>Source Files\Date</Filter>
    </ClInclude>
    <ClInclude Include="src\Date\DateFrequency.h">
      <Filter>Source Files\Date</Filter>
    </ClInclude>
    <ClInclude Include="src\Date\DayCount.h">
      <Filter>Source Files\Date</Filter>
    </ClInclude>
    <ClInclude Include="src\Date\HolidayList.h">
      <Filter>Source Files\Date</Filter>
    </ClInclude>
    <ClInclude Include="src\Date\Tenor.h">
      <Filter>Source Files\Date</Filter>
    </ClInclude>
    <ClInclude Include="src\Date\TenorUnit.h">
      <Filter>Source Files\Date</Filter>
    </ClInclude>
    <ClInclude Include="MyDate.h">
      <Filter>Source Files\Date</Filter>
    </ClInclude>
  </ItemGroup>
  <ItemGroup>
    <ClCompile Include="stdafx.cpp">
      <Filter>Source Files</Filter>
    </ClCompile>
    <ClCompile Include="CurrentCoupon.cpp">
      <Filter>Source Files</Filter>
    </ClCompile>
    <ClCompile Include="CurrentCoupon.pb.cc">
      <Filter>Source Files</Filter>
    </ClCompile>
    <ClCompile Include="src\Util\Exception.cpp">
      <Filter>Source Files\Util</Filter>
    </ClCompile>
    <ClCompile Include="src\Util\SimpleUtils.cpp">
      <Filter>Source Files\Util</Filter>
    </ClCompile>
    <ClCompile Include="src\Date\Date.cpp">
      <Filter>Source Files\Date</Filter>
    </ClCompile>
    <ClCompile Include="src\Date\DateConvention.cpp">
      <Filter>Source Files\Date</Filter>
    </ClCompile>
    <ClCompile Include="src\Date\HolidayList.cpp">
      <Filter>Source Files\Date</Filter>
    </ClCompile>
    <ClCompile Include="src\Date\Tenor.cpp">
      <Filter>Source Files\Date</Filter>
    </ClCompile>
    <ClCompile Include="MyDate.cpp">
      <Filter>Source Files\Date</Filter>
    </ClCompile>
  </ItemGroup>
</Project>